
Microsoft Visual Studio Solution File, Format Version 12.00
# Visual Studio Version 16
VisualStudioVersion = 16.0.33130.400
MinimumVisualStudioVersion = 10.0.40219.1
Project("{FAE04EC0-301F-11D3-BF4B-00C04F79EFBC}") = "Fenechnaya", "Fenechnaya\Fenechnaya.csproj", "{F23A8813-6114-4943-9802-2E255BD6BE9C}"
EndProject
Global
	GlobalSection(SolutionConfigurationPlatforms) = preSolution
		Debug|Any CPU = Debug|Any CPU
		Release|Any CPU = Release|Any CPU
	EndGlobalSection
	GlobalSection(ProjectConfigurationPlatforms) = postSolution
		{F23A8813-6114-4943-9802-2E255BD6BE9C}.Debug|Any CPU.ActiveCfg = Debug|Any CPU
		{F23A8813-6114-4943-9802-2E255BD6BE9C}.Debug|Any CPU.Build.0 = Debug|Any CPU
		{F23A8813-6114-4943-9802-2E255BD6BE9C}.Release|Any CPU.ActiveCfg = Release|Any CPU
		{F23A8813-6114-4943-9802-2E255BD6BE9C}.Release|Any CPU.Build.0 = Release|Any CPU
	EndGlobalSection
	GlobalSection(SolutionProperties) = preSolution
		HideSolutionNode = FALSE
	EndGlobalSection
	GlobalSection(ExtensibilityGlobals) = postSolution
		SolutionGuid = {7E4E4E87-DB27-4166-9607-4AD80440E665}
	EndGlobalSection
EndGlobal
